
Microsoft Visual Studio Solution File, Format Version 12.00
# Visual Studio Version 17
VisualStudioVersion = 17.6.33712.159
MinimumVisualStudioVersion = 10.0.40219.1
Project("{FAE04EC0-301F-11D3-BF4B-00C04F79EFBC}") = "MobAppXamarin.Android", "MobAppXamarin.Android\MobAppXamarin.Android.csproj", "{B13DB480-E5A8-4051-8C46-ACD0181D0461}"
EndProject
Project("{FAE04EC0-301F-11D3-BF4B-00C04F79EFBC}") = "MobAppXamarin.iOS", "MobAppXamarin.iOS\MobAppXamarin.iOS.csproj", "{90CA97CE-C63A-48D7-B11D-0232AFFF5B8E}"
EndProject
Project("{FAE04EC0-301F-11D3-BF4B-00C04F79EFBC}") = "MobAppXamarin", "MobAppXamarin\MobAppXamarin.csproj", "{DD19BCA5-432E-4094-8E19-BDEC9F16F03B}"
EndProject
Global
	GlobalSection(SolutionConfigurationPlatforms) = preSolution
		Debug|Any CPU = Debug|Any CPU
		Debug|iPhone = Debug|iPhone
		Debug|iPhoneSimulator = Debug|iPhoneSimulator
		Release|Any CPU = Release|Any CPU
		Release|iPhone = Release|iPhone
		Release|iPhoneSimulator = Release|iPhoneSimulator
	EndGlobalSection
	GlobalSection(ProjectConfigurationPlatforms) = postSolution
		{B13DB480-E5A8-4051-8C46-ACD0181D0461}.Debug|Any CPU.ActiveCfg = Debug|Any CPU
		{B13DB480-E5A8-4051-8C46-ACD0181D0461}.Debug|Any CPU.Build.0 = Debug|Any CPU
		{B13DB480-E5A8-4051-8C46-ACD0181D0461}.Debug|Any CPU.Deploy.0 = Debug|Any CPU
		{B13DB480-E5A8-4051-8C46-ACD0181D0461}.Debug|iPhone.ActiveCfg = Debug|Any CPU
		{B13DB480-E5A8-4051-8C46-ACD0181D0461}.Debug|iPhone.Build.0 = Debug|Any CPU
		{B13DB480-E5A8-4051-8C46-ACD0181D0461}.Debug|iPhone.Deploy.0 = Debug|Any CPU
		{B13DB480-E5A8-4051-8C46-ACD0181D0461}.Debug|iPhoneSimulator.ActiveCfg = Debug|Any CPU
		{B13DB480-E5A8-4051-8C46-ACD0181D0461}.Debug|iPhoneSimulator.Build.0 = Debug|Any CPU
		{B13DB480-E5A8-4051-8C46-ACD0181D0461}.Debug|iPhoneSimulator.Deploy.0 = Debug|Any CPU
		{B13DB480-E5A8-4051-8C46-ACD0181D0461}.Release|Any CPU.ActiveCfg = Release|Any CPU
		{B13DB480-E5A8-4051-8C46-ACD0181D0461}.Release|Any CPU.Build.0 = Release|Any CPU
		{B13DB480-E5A8-4051-8C46-ACD0181D0461}.Release|Any CPU.Deploy.0 = Release|Any CPU
		{B13DB480-E5A8-4051-8C46-ACD0181D0461}.Release|iPhone.ActiveCfg = Release|Any CPU
		{B13DB480-E5A8-4051-8C46-ACD0181D0461}.Release|iPhone.Build.0 = Release|Any CPU
		{B13DB480-E5A8-4051-8C46-ACD0181D0461}.Release|iPhone.Deploy.0 = Release|Any CPU
		{B13DB480-E5A8-4051-8C46-ACD0181D0461}.Release|iPhoneSimulator.ActiveCfg = Release|Any CPU
		{B13DB480-E5A8-4051-8C46-ACD0181D0461}.Release|iPhoneSimulator.Build.0 = Release|Any CPU
		{B13DB480-E5A8-4051-8C46-ACD0181D0461}.Release|iPhoneSimulator.Deploy.0 = Release|Any CPU
		{90CA97CE-C63A-48D7-B11D-0232AFFF5B8E}.Debug|Any CPU.ActiveCfg = Debug|iPhone
		{90CA97CE-C63A-48D7-B11D-0232AFFF5B8E}.Debug|Any CPU.Build.0 = Debug|iPhone
		{90CA97CE-C63A-48D7-B11D-0232AFFF5B8E}.Debug|Any CPU.Deploy.0 = Debug|iPhone
		{90CA97CE-C63A-48D7-B11D-0232AFFF5B8E}.Debug|iPhone.ActiveCfg = Debug|iPhone
		{90CA97CE-C63A-48D7-B11D-0232AFFF5B8E}.Debug|iPhone.Build.0 = Debug|iPhone
		{90CA97CE-C63A-48D7-B11D-0232AFFF5B8E}.Debug|iPhone.Deploy.0 = Debug|iPhone
		{90CA97CE-C63A-48D7-B11D-0232AFFF5B8E}.Debug|iPhoneSimulator.ActiveCfg = Debug|iPhoneSimulator
		{90CA97CE-C63A-48D7-B11D-0232AFFF5B8E}.Debug|iPhoneSimulator.Build.0 = Debug|iPhoneSimulator
		{90CA97CE-C63A-48D7-B11D-0232AFFF5B8E}.Debug|iPhoneSimulator.Deploy.0 = Debug|iPhoneSimulator
		{90CA97CE-C63A-48D7-B11D-0232AFFF5B8E}.Release|Any CPU.ActiveCfg = Release|iPhoneSimulator
		{90CA97CE-C63A-48D7-B11D-0232AFFF5B8E}.Release|Any CPU.Build.0 = Release|iPhoneSimulator
		{90CA97CE-C63A-48D7-B11D-0232AFFF5B8E}.Release|Any CPU.Deploy.0 = Release|iPhoneSimulator
		{90CA97CE-C63A-48D7-B11D-0232AFFF5B8E}.Release|iPhone.ActiveCfg = Release|iPhone
		{90CA97CE-C63A-48D7-B11D-0232AFFF5B8E}.Release|iPhone.Build.0 = Release|iPhone
		{90CA97CE-C63A-48D7-B11D-0232AFFF5B8E}.Release|iPhone.Deploy.0 = Release|iPhone
		{90CA97CE-C63A-48D7-B11D-0232AFFF5B8E}.Release|iPhoneSimulator.ActiveCfg = Release|iPhoneSimulator
		{90CA97CE-C63A-48D7-B11D-0232AFFF5B8E}.Release|iPhoneSimulator.Build.0 = Release|iPhoneSimulator
		{90CA97CE-C63A-48D7-B11D-0232AFFF5B8E}.Release|iPhoneSimulator.Deploy.0 = Release|iPhoneSimulator
		{DD19BCA5-432E-4094-8E19-BDEC9F16F03B}.Debug|Any CPU.ActiveCfg = Debug|Any CPU
		{DD19BCA5-432E-4094-8E19-BDEC9F16F03B}.Debug|Any CPU.Build.0 = Debug|Any CPU
		{DD19BCA5-432E-4094-8E19-BDEC9F16F03B}.Debug|Any CPU.Deploy.0 = Debug|Any CPU
		{DD19BCA5-432E-4094-8E19-BDEC9F16F03B}.Debug|iPhone.ActiveCfg = Debug|Any CPU
		{DD19BCA5-432E-4094-8E19-BDEC9F16F03B}.Debug|iPhone.Build.0 = Debug|Any CPU
		{DD19BCA5-432E-4094-8E19-BDEC9F16F03B}.Debug|iPhone.Deploy.0 = Debug|Any CPU
		{DD19BCA5-432E-4094-8E19-BDEC9F16F03B}.Debug|iPhoneSimulator.ActiveCfg = Debug|Any CPU
		{DD19BCA5-432E-4094-8E19-BDEC9F16F03B}.Debug|iPhoneSimulator.Build.0 = Debug|Any CPU
		{DD19BCA5-432E-4094-8E19-BDEC9F16F03B}.Debug|iPhoneSimulator.Deploy.0 = Debug|Any CPU
		{DD19BCA5-432E-4094-8E19-BDEC9F16F03B}.Release|Any CPU.ActiveCfg = Release|Any CPU
		{DD19BCA5-432E-4094-8E19-BDEC9F16F03B}.Release|Any CPU.Build.0 = Release|Any CPU
		{DD19BCA5-432E-4094-8E19-BDEC9F16F03B}.Release|Any CPU.Deploy.0 = Release|Any CPU
		{DD19BCA5-432E-4094-8E19-BDEC9F16F03B}.Release|iPhone.ActiveCfg = Release|Any CPU
		{DD19BCA5-432E-4094-8E19-BDEC9F16F03B}.Release|iPhone.Build.0 = Release|Any CPU
		{DD19BCA5-432E-4094-8E19-BDEC9F16F03B}.Release|iPhone.Deploy.0 = Release|Any CPU
		{DD19BCA5-432E-4094-8E19-BDEC9F16F03B}.Release|iPhoneSimulator.ActiveCfg = Release|Any CPU
		{DD19BCA5-432E-4094-8E19-BDEC9F16F03B}.Release|iPhoneSimulator.Build.0 = Release|Any CPU
		{DD19BCA5-432E-4094-8E19-BDEC9F16F03B}.Release|iPhoneSimulator.Deploy.0 = Release|Any CPU
	EndGlobalSection
	GlobalSection(SolutionProperties) = preSolution
		HideSolutionNode = FALSE
	EndGlobalSection
	GlobalSection(ExtensibilityGlobals) = postSolution
		SolutionGuid = {79B0BD55-6A59-4118-99CF-917A29870B0C}
	EndGlobalSection
EndGlobal
